
Microsoft Visual Studio Solution File, Format Version 12.00
# Visual Studio 14
VisualStudioVersion = 14.0.25420.1
MinimumVisualStudioVersion = 10.0.40219.1
Project("{FAE04EC0-301F-11D3-BF4B-00C04F79EFBC}") = "Sample.Droid", "Sample.Droid\Sample.Droid.csproj", "{8E44EFB4-6BD1-4768-A973-66136A930121}"
EndProject
Project("{FAE04EC0-301F-11D3-BF4B-00C04F79EFBC}") = "Sample", "Sample\Sample.csproj", "{DF36B728-1A81-4172-A791-8AE168368F37}"
EndProject
Project("{FAE04EC0-301F-11D3-BF4B-00C04F79EFBC}") = "Sample.UWP", "Sample.UWP\Sample.UWP.csproj", "{F9A77FB1-51A8-4E38-BBDD-DF1AD6EBD39E}"
EndProject
Project("{FAE04EC0-301F-11D3-BF4B-00C04F79EFBC}") = "Sample.iOS", "Sample.iOS\Sample.iOS.csproj", "{5482197A-B629-422B-A1D2-4B1B33214BD1}"
EndProject
Global
	GlobalSection(SolutionConfigurationPlatforms) = preSolution
		Ad-Hoc|Any CPU = Ad-Hoc|Any CPU
		Ad-Hoc|ARM = Ad-Hoc|ARM
		Ad-Hoc|iPhone = Ad-Hoc|iPhone
		Ad-Hoc|iPhoneSimulator = Ad-Hoc|iPhoneSimulator
		Ad-Hoc|x64 = Ad-Hoc|x64
		Ad-Hoc|x86 = Ad-Hoc|x86
		AppStore|Any CPU = AppStore|Any CPU
		AppStore|ARM = AppStore|ARM
		AppStore|iPhone = AppStore|iPhone
		AppStore|iPhoneSimulator = AppStore|iPhoneSimulator
		AppStore|x64 = AppStore|x64
		AppStore|x86 = AppStore|x86
		Debug|Any CPU = Debug|Any CPU
		Debug|ARM = Debug|ARM
		Debug|iPhone = Debug|iPhone
		Debug|iPhoneSimulator = Debug|iPhoneSimulator
		Debug|x64 = Debug|x64
		Debug|x86 = Debug|x86
		Release|Any CPU = Release|Any CPU
		Release|ARM = Release|ARM
		Release|iPhone = Release|iPhone
		Release|iPhoneSimulator = Release|iPhoneSimulator
		Release|x64 = Release|x64
		Release|x86 = Release|x86
	EndGlobalSection
	GlobalSection(ProjectConfigurationPlatforms) = postSolution
		{8E44EFB4-6BD1-4768-A973-66136A930121}.Ad-Hoc|Any CPU.ActiveCfg = Release|Any CPU
		{8E44EFB4-6BD1-4768-A973-66136A930121}.Ad-Hoc|Any CPU.Build.0 = Release|Any CPU
		{8E44EFB4-6BD1-4768-A973-66136A930121}.Ad-Hoc|Any CPU.Deploy.0 = Release|Any CPU
		{8E44EFB4-6BD1-4768-A973-66136A930121}.Ad-Hoc|ARM.ActiveCfg = Release|Any CPU
		{8E44EFB4-6BD1-4768-A973-66136A930121}.Ad-Hoc|ARM.Build.0 = Release|Any CPU
		{8E44EFB4-6BD1-4768-A973-66136A930121}.Ad-Hoc|ARM.Deploy.0 = Release|Any CPU
		{8E44EFB4-6BD1-4768-A973-66136A930121}.Ad-Hoc|iPhone.ActiveCfg = Release|Any CPU
		{8E44EFB4-6BD1-4768-A973-66136A930121}.Ad-Hoc|iPhone.Build.0 = Release|Any CPU
		{8E44EFB4-6BD1-4768-A973-66136A930121}.Ad-Hoc|iPhone.Deploy.0 = Release|Any CPU
		{8E44EFB4-6BD1-4768-A973-66136A930121}.Ad-Hoc|iPhoneSimulator.ActiveCfg = Release|Any CPU
		{8E44EFB4-6BD1-4768-A973-66136A930121}.Ad-Hoc|iPhoneSimulator.Build.0 = Release|Any CPU
		{8E44EFB4-6BD1-4768-A973-66136A930121}.Ad-Hoc|iPhoneSimulator.Deploy.0 = Release|Any CPU
		{8E44EFB4-6BD1-4768-A973-66136A930121}.Ad-Hoc|x64.ActiveCfg = Release|Any CPU
		{8E44EFB4-6BD1-4768-A973-66136A930121}.Ad-Hoc|x64.Build.0 = Release|Any CPU
		{8E44EFB4-6BD1-4768-A973-66136A930121}.Ad-Hoc|x64.Deploy.0 = Release|Any CPU
		{8E44EFB4-6BD1-4768-A973-66136A930121}.Ad-Hoc|x86.ActiveCfg = Release|Any CPU
		{8E44EFB4-6BD1-4768-A973-66136A930121}.Ad-Hoc|x86.Build.0 = Release|Any CPU
		{8E44EFB4-6BD1-4768-A973-66136A930121}.Ad-Hoc|x86.Deploy.0 = Release|Any CPU
		{8E44EFB4-6BD1-4768-A973-66136A930121}.AppStore|Any CPU.ActiveCfg = Release|Any CPU
		{8E44EFB4-6BD1-4768-A973-66136A930121}.AppStore|Any CPU.Build.0 = Release|Any CPU
		{8E44EFB4-6BD1-4768-A973-66136A930121}.AppStore|Any CPU.Deploy.0 = Release|Any CPU
		{8E44EFB4-6BD1-4768-A973-66136A930121}.AppStore|ARM.ActiveCfg = Release|Any CPU
		{8E44EFB4-6BD1-4768-A973-66136A930121}.AppStore|ARM.Build.0 = Release|Any CPU
		{8E44EFB4-6BD1-4768-A973-66136A930121}.AppStore|ARM.Deploy.0 = Release|Any CPU
		{8E44EFB4-6BD1-4768-A973-66136A930121}.AppStore|iPhone.ActiveCfg = Release|Any CPU
		{8E44EFB4-6BD1-4768-A973-66136A930121}.AppStore|iPhone.Build.0 = Release|Any CPU
		{8E44EFB4-6BD1-4768-A973-66136A930121}.AppStore|iPhone.Deploy.0 = Release|Any CPU
		{8E44EFB4-6BD1-4768-A973-66136A930121}.AppStore|iPhoneSimulator.ActiveCfg = Release|Any CPU
		{8E44EFB4-6BD1-4768-A973-66136A930121}.AppStore|iPhoneSimulator.Build.0 = Release|Any CPU
		{8E44EFB4-6BD1-4768-A973-66136A930121}.AppStore|iPhoneSimulator.Deploy.0 = Release|Any CPU
		{8E44EFB4-6BD1-4768-A973-66136A930121}.AppStore|x64.ActiveCfg = Release|Any CPU
		{8E44EFB4-6BD1-4768-A973-66136A930121}.AppStore|x64.Build.0 = Release|Any CPU
		{8E44EFB4-6BD1-4768-A973-66136A930121}.AppStore|x64.Deploy.0 = Release|Any CPU
		{8E44EFB4-6BD1-4768-A973-66136A930121}.AppStore|x86.ActiveCfg = Release|Any CPU
		{8E44EFB4-6BD1-4768-A973-66136A930121}.AppStore|x86.Build.0 = Release|Any CPU
		{8E44EFB4-6BD1-4768-A973-66136A930121}.AppStore|x86.Deploy.0 = Release|Any CPU
		{8E44EFB4-6BD1-4768-A973-66136A930121}.Debug|Any CPU.ActiveCfg = Debug|Any CPU
		{8E44EFB4-6BD1-4768-A973-66136A930121}.Debug|Any CPU.Build.0 = Debug|Any CPU
		{8E44EFB4-6BD1-4768-A973-66136A930121}.Debug|Any CPU.Deploy.0 = Debug|Any CPU
		{8E44EFB4-6BD1-4768-A973-66136A930121}.Debug|ARM.ActiveCfg = Debug|Any CPU
		{8E44EFB4-6BD1-4768-A973-66136A930121}.Debug|ARM.Build.0 = Debug|Any CPU
		{8E44EFB4-6BD1-4768-A973-66136A930121}.Debug|ARM.Deploy.0 = Debug|Any CPU
		{8E44EFB4-6BD1-4768-A973-66136A930121}.Debug|iPhone.ActiveCfg = Debug|Any CPU
		{8E44EFB4-6BD1-4768-A973-66136A930121}.Debug|iPhone.Build.0 = Debug|Any CPU
		{8E44EFB4-6BD1-4768-A973-66136A930121}.Debug|iPhone.Deploy.0 = Debug|Any CPU
		{8E44EFB4-6BD1-4768-A973-66136A930121}.Debug|iPhoneSimulator.ActiveCfg = Debug|Any CPU
		{8E44EFB4-6BD1-4768-A973-66136A930121}.Debug|iPhoneSimulator.Build.0 = Debug|Any CPU
		{8E44EFB4-6BD1-4768-A973-66136A930121}.Debug|iPhoneSimulator.Deploy.0 = Debug|Any CPU
		{8E44EFB4-6BD1-4768-A973-66136A930121}.Debug|x64.ActiveCfg = Debug|Any CPU
		{8E44EFB4-6BD1-4768-A973-66136A930121}.Debug|x64.Build.0 = Debug|Any CPU
		{8E44EFB4-6BD1-4768-A973-66136A930121}.Debug|x64.Deploy.0 = Debug|Any CPU
		{8E44EFB4-6BD1-4768-A973-66136A930121}.Debug|x86.ActiveCfg = Debug|Any CPU
		{8E44EFB4-6BD1-4768-A973-66136A930121}.Debug|x86.Build.0 = Debug|Any CPU
		{8E44EFB4-6BD1-4768-A973-66136A930121}.Debug|x86.Deploy.0 = Debug|Any CPU
		{8E44EFB4-6BD1-4768-A973-66136A930121}.Release|Any CPU.ActiveCfg = Release|Any CPU
		{8E44EFB4-6BD1-4768-A973-66136A930121}.Release|Any CPU.Build.0 = Release|Any CPU
		{8E44EFB4-6BD1-4768-A973-66136A930121}.Release|Any CPU.Deploy.0 = Release|Any CPU
		{8E44EFB4-6BD1-4768-A973-66136A930121}.Release|ARM.ActiveCfg = Release|Any CPU
		{8E44EFB4-6BD1-4768-A973-66136A930121}.Release|ARM.Build.0 = Release|Any CPU
		{8E44EFB4-6BD1-4768-A973-66136A930121}.Release|ARM.Deploy.0 = Release|Any CPU
		{8E44EFB4-6BD1-4768-A973-66136A930121}.Release|iPhone.ActiveCfg = Release|Any CPU
		{8E44EFB4-6BD1-4768-A973-66136A930121}.Release|iPhone.Build.0 = Release|Any CPU
		{8E44EFB4-6BD1-4768-A973-66136A930121}.Release|iPhone.Deploy.0 = Release|Any CPU
		{8E44EFB4-6BD1-4768-A973-66136A930121}.Release|iPhoneSimulator.ActiveCfg = Release|Any CPU
		{8E44EFB4-6BD1-4768-A973-66136A930121}.Release|iPhoneSimulator.Build.0 = Release|Any CPU
		{8E44EFB4-6BD1-4768-A973-66136A930121}.Release|iPhoneSimulator.Deploy.0 = Release|Any CPU
		{8E44EFB4-6BD1-4768-A973-66136A930121}.Release|x64.ActiveCfg = Release|Any CPU
		{8E44EFB4-6BD1-4768-A973-66136A930121}.Release|x64.Build.0 = Release|Any CPU
		{8E44EFB4-6BD1-4768-A973-66136A930121}.Release|x64.Deploy.0 = Release|Any CPU
		{8E44EFB4-6BD1-4768-A973-66136A930121}.Release|x86.ActiveCfg = Release|Any CPU
		{8E44EFB4-6BD1-4768-A973-66136A930121}.Release|x86.Build.0 = Release|Any CPU
		{8E44EFB4-6BD1-4768-A973-66136A930121}.Release|x86.Deploy.0 = Release|Any CPU
		{DF36B728-1A81-4172-A791-8AE168368F37}.Ad-Hoc|Any CPU.ActiveCfg = Release|Any CPU
		{DF36B728-1A81-4172-A791-8AE168368F37}.Ad-Hoc|Any CPU.Build.0 = Release|Any CPU
		{DF36B728-1A81-4172-A791-8AE168368F37}.Ad-Hoc|ARM.ActiveCfg = Release|Any CPU
		{DF36B728-1A81-4172-A791-8AE168368F37}.Ad-Hoc|ARM.Build.0 = Release|Any CPU
		{DF36B728-1A81-4172-A791-8AE168368F37}.Ad-Hoc|iPhone.ActiveCfg = Release|Any CPU
		{DF36B728-1A81-4172-A791-8AE168368F37}.Ad-Hoc|iPhone.Build.0 = Release|Any CPU
		{DF36B728-1A81-4172-A791-8AE168368F37}.Ad-Hoc|iPhoneSimulator.ActiveCfg = Release|Any CPU
		{DF36B728-1A81-4172-A791-8AE168368F37}.Ad-Hoc|iPhoneSimulator.Build.0 = Release|Any CPU
		{DF36B728-1A81-4172-A791-8AE168368F37}.Ad-Hoc|x64.ActiveCfg = Release|Any CPU
		{DF36B728-1A81-4172-A791-8AE168368F37}.Ad-Hoc|x64.Build.0 = Release|Any CPU
		{DF36B728-1A81-4172-A791-8AE168368F37}.Ad-Hoc|x86.ActiveCfg = Release|Any CPU
		{DF36B728-1A81-4172-A791-8AE168368F37}.Ad-Hoc|x86.Build.0 = Release|Any CPU
		{DF36B728-1A81-4172-A791-8AE168368F37}.AppStore|Any CPU.ActiveCfg = Release|Any CPU
		{DF36B728-1A81-4172-A791-8AE168368F37}.AppStore|Any CPU.Build.0 = Release|Any CPU
		{DF36B728-1A81-4172-A791-8AE168368F37}.AppStore|ARM.ActiveCfg = Release|Any CPU
		{DF36B728-1A81-4172-A791-8AE168368F37}.AppStore|ARM.Build.0 = Release|Any CPU
		{DF36B728-1A81-4172-A791-8AE168368F37}.AppStore|iPhone.ActiveCfg = Release|Any CPU
		{DF36B728-1A81-4172-A791-8AE168368F37}.AppStore|iPhone.Build.0 = Release|Any CPU
		{DF36B728-1A81-4172-A791-8AE168368F37}.AppStore|iPhoneSimulator.ActiveCfg = Release|Any CPU
		{DF36B728-1A81-4172-A791-8AE168368F37}.AppStore|iPhoneSimulator.Build.0 = Release|Any CPU
		{DF36B728-1A81-4172-A791-8AE168368F37}.AppStore|x64.ActiveCfg = Release|Any CPU
		{DF36B728-1A81-4172-A791-8AE168368F37}.AppStore|x64.Build.0 = Release|Any CPU
		{DF36B728-1A81-4172-A791-8AE168368F37}.AppStore|x86.ActiveCfg = Release|Any CPU
		{DF36B728-1A81-4172-A791-8AE168368F37}.AppStore|x86.Build.0 = Release|Any CPU
		{DF36B728-1A81-4172-A791-8AE168368F37}.Debug|Any CPU.ActiveCfg = Debug|Any CPU
		{DF36B728-1A81-4172-A791-8AE168368F37}.Debug|Any CPU.Build.0 = Debug|Any CPU
		{DF36B728-1A81-4172-A791-8AE168368F37}.Debug|ARM.ActiveCfg = Debug|Any CPU
		{DF36B728-1A81-4172-A791-8AE168368F37}.Debug|ARM.Build.0 = Debug|Any CPU
		{DF36B728-1A81-4172-A791-8AE168368F37}.Debug|iPhone.ActiveCfg = Debug|Any CPU
		{DF36B728-1A81-4172-A791-8AE168368F37}.Debug|iPhone.Build.0 = Debug|Any CPU
		{DF36B728-1A81-4172-A791-8AE168368F37}.Debug|iPhoneSimulator.ActiveCfg = Debug|Any CPU
		{DF36B728-1A81-4172-A791-8AE168368F37}.Debug|iPhoneSimulator.Build.0 = Debug|Any CPU
		{DF36B728-1A81-4172-A791-8AE168368F37}.Debug|x64.ActiveCfg = Debug|Any CPU
		{DF36B728-1A81-4172-A791-8AE168368F37}.Debug|x64.Build.0 = Debug|Any CPU
		{DF36B728-1A81-4172-A791-8AE168368F37}.Debug|x86.ActiveCfg = Debug|Any CPU
		{DF36B728-1A81-4172-A791-8AE168368F37}.Debug|x86.Build.0 = Debug|Any CPU
		{DF36B728-1A81-4172-A791-8AE168368F37}.Release|Any CPU.ActiveCfg = Release|Any CPU
		{DF36B728-1A81-4172-A791-8AE168368F37}.Release|Any CPU.Build.0 = Release|Any CPU
		{DF36B728-1A81-4172-A791-8AE168368F37}.Release|ARM.ActiveCfg = Release|Any CPU
		{DF36B728-1A81-4172-A791-8AE168368F37}.Release|ARM.Build.0 = Release|Any CPU
		{DF36B728-1A81-4172-A791-8AE168368F37}.Release|iPhone.ActiveCfg = Release|Any CPU
		{DF36B728-1A81-4172-A791-8AE168368F37}.Release|iPhone.Build.0 = Release|Any CPU
		{DF36B728-1A81-4172-A791-8AE168368F37}.Release|iPhoneSimulator.ActiveCfg = Release|Any CPU
		{DF36B728-1A81-4172-A791-8AE168368F37}.Release|iPhoneSimulator.Build.0 = Release|Any CPU
		{DF36B728-1A81-4172-A791-8AE168368F37}.Release|x64.ActiveCfg = Release|Any CPU
		{DF36B728-1A81-4172-A791-8AE168368F37}.Release|x64.Build.0 = Release|Any CPU
		{DF36B728-1A81-4172-A791-8AE168368F37}.Release|x86.ActiveCfg = Release|Any CPU
		{DF36B728-1A81-4172-A791-8AE168368F37}.Release|x86.Build.0 = Release|Any CPU
		{F9A77FB1-51A8-4E38-BBDD-DF1AD6EBD39E}.Ad-Hoc|Any CPU.ActiveCfg = Release|x86
		{F9A77FB1-51A8-4E38-BBDD-DF1AD6EBD39E}.Ad-Hoc|Any CPU.Build.0 = Release|x86
		{F9A77FB1-51A8-4E38-BBDD-DF1AD6EBD39E}.Ad-Hoc|Any CPU.Deploy.0 = Release|x86
		{F9A77FB1-51A8-4E38-BBDD-DF1AD6EBD39E}.Ad-Hoc|ARM.ActiveCfg = Release|ARM
		{F9A77FB1-51A8-4E38-BBDD-DF1AD6EBD39E}.Ad-Hoc|ARM.Build.0 = Release|ARM
		{F9A77FB1-51A8-4E38-BBDD-DF1AD6EBD39E}.Ad-Hoc|ARM.Deploy.0 = Release|ARM
		{F9A77FB1-51A8-4E38-BBDD-DF1AD6EBD39E}.Ad-Hoc|iPhone.ActiveCfg = Release|x86
		{F9A77FB1-51A8-4E38-BBDD-DF1AD6EBD39E}.Ad-Hoc|iPhone.Build.0 = Release|x86
		{F9A77FB1-51A8-4E38-BBDD-DF1AD6EBD39E}.Ad-Hoc|iPhone.Deploy.0 = Release|x86
		{F9A77FB1-51A8-4E38-BBDD-DF1AD6EBD39E}.Ad-Hoc|iPhoneSimulator.ActiveCfg = Release|x86
		{F9A77FB1-51A8-4E38-BBDD-DF1AD6EBD39E}.Ad-Hoc|iPhoneSimulator.Build.0 = Release|x86
		{F9A77FB1-51A8-4E38-BBDD-DF1AD6EBD39E}.Ad-Hoc|iPhoneSimulator.Deploy.0 = Release|x86
		{F9A77FB1-51A8-4E38-BBDD-DF1AD6EBD39E}.Ad-Hoc|x64.ActiveCfg = Release|x64
		{F9A77FB1-51A8-4E38-BBDD-DF1AD6EBD39E}.Ad-Hoc|x64.Build.0 = Release|x64
		{F9A77FB1-51A8-4E38-BBDD-DF1AD6EBD39E}.Ad-Hoc|x64.Deploy.0 = Release|x64
		{F9A77FB1-51A8-4E38-BBDD-DF1AD6EBD39E}.Ad-Hoc|x86.ActiveCfg = Release|x86
		{F9A77FB1-51A8-4E38-BBDD-DF1AD6EBD39E}.Ad-Hoc|x86.Build.0 = Release|x86
		{F9A77FB1-51A8-4E38-BBDD-DF1AD6EBD39E}.Ad-Hoc|x86.Deploy.0 = Release|x86
		{F9A77FB1-51A8-4E38-BBDD-DF1AD6EBD39E}.AppStore|Any CPU.ActiveCfg = Release|x86
		{F9A77FB1-51A8-4E38-BBDD-DF1AD6EBD39E}.AppStore|Any CPU.Build.0 = Release|x86
		{F9A77FB1-51A8-4E38-BBDD-DF1AD6EBD39E}.AppStore|Any CPU.Deploy.0 = Release|x86
		{F9A77FB1-51A8-4E38-BBDD-DF1AD6EBD39E}.AppStore|ARM.ActiveCfg = Release|ARM
		{F9A77FB1-51A8-4E38-BBDD-DF1AD6EBD39E}.AppStore|ARM.Build.0 = Release|ARM
		{F9A77FB1-51A8-4E38-BBDD-DF1AD6EBD39E}.AppStore|ARM.Deploy.0 = Release|ARM
		{F9A77FB1-51A8-4E38-BBDD-DF1AD6EBD39E}.AppStore|iPhone.ActiveCfg = Release|x86
		{F9A77FB1-51A8-4E38-BBDD-DF1AD6EBD39E}.AppStore|iPhone.Build.0 = Release|x86
		{F9A77FB1-51A8-4E38-BBDD-DF1AD6EBD39E}.AppStore|iPhone.Deploy.0 = Release|x86
		{F9A77FB1-51A8-4E38-BBDD-DF1AD6EBD39E}.AppStore|iPhoneSimulator.ActiveCfg = Release|x86
		{F9A77FB1-51A8-4E38-BBDD-DF1AD6EBD39E}.AppStore|iPhoneSimulator.Build.0 = Release|x86
		{F9A77FB1-51A8-4E38-BBDD-DF1AD6EBD39E}.AppStore|iPhoneSimulator.Deploy.0 = Release|x86
		{F9A77FB1-51A8-4E38-BBDD-DF1AD6EBD39E}.AppStore|x64.ActiveCfg = Release|x64
		{F9A77FB1-51A8-4E38-BBDD-DF1AD6EBD39E}.AppStore|x64.Build.0 = Release|x64
		{F9A77FB1-51A8-4E38-BBDD-DF1AD6EBD39E}.AppStore|x64.Deploy.0 = Release|x64
		{F9A77FB1-51A8-4E38-BBDD-DF1AD6EBD39E}.AppStore|x86.ActiveCfg = Release|x86
		{F9A77FB1-51A8-4E38-BBDD-DF1AD6EBD39E}.AppStore|x86.Build.0 = Release|x86
		{F9A77FB1-51A8-4E38-BBDD-DF1AD6EBD39E}.AppStore|x86.Deploy.0 = Release|x86
		{F9A77FB1-51A8-4E38-BBDD-DF1AD6EBD39E}.Debug|Any CPU.ActiveCfg = Debug|x86
		{F9A77FB1-51A8-4E38-BBDD-DF1AD6EBD39E}.Debug|ARM.ActiveCfg = Debug|ARM
		{F9A77FB1-51A8-4E38-BBDD-DF1AD6EBD39E}.Debug|ARM.Build.0 = Debug|ARM
		{F9A77FB1-51A8-4E38-BBDD-DF1AD6EBD39E}.Debug|ARM.Deploy.0 = Debug|ARM
		{F9A77FB1-51A8-4E38-BBDD-DF1AD6EBD39E}.Debug|iPhone.ActiveCfg = Debug|x86
		{F9A77FB1-51A8-4E38-BBDD-DF1AD6EBD39E}.Debug|iPhoneSimulator.ActiveCfg = Debug|x86
		{F9A77FB1-51A8-4E38-BBDD-DF1AD6EBD39E}.Debug|x64.ActiveCfg = Debug|x64
		{F9A77FB1-51A8-4E38-BBDD-DF1AD6EBD39E}.Debug|x64.Build.0 = Debug|x64
		{F9A77FB1-51A8-4E38-BBDD-DF1AD6EBD39E}.Debug|x64.Deploy.0 = Debug|x64
		{F9A77FB1-51A8-4E38-BBDD-DF1AD6EBD39E}.Debug|x86.ActiveCfg = Debug|x86
		{F9A77FB1-51A8-4E38-BBDD-DF1AD6EBD39E}.Debug|x86.Build.0 = Debug|x86
		{F9A77FB1-51A8-4E38-BBDD-DF1AD6EBD39E}.Debug|x86.Deploy.0 = Debug|x86
		{F9A77FB1-51A8-4E38-BBDD-DF1AD6EBD39E}.Release|Any CPU.ActiveCfg = Release|x86
		{F9A77FB1-51A8-4E38-BBDD-DF1AD6EBD39E}.Release|ARM.ActiveCfg = Release|ARM
		{F9A77FB1-51A8-4E38-BBDD-DF1AD6EBD39E}.Release|ARM.Build.0 = Release|ARM
		{F9A77FB1-51A8-4E38-BBDD-DF1AD6EBD39E}.Release|ARM.Deploy.0 = Release|ARM
		{F9A77FB1-51A8-4E38-BBDD-DF1AD6EBD39E}.Release|iPhone.ActiveCfg = Release|x86
		{F9A77FB1-51A8-4E38-BBDD-DF1AD6EBD39E}.Release|iPhoneSimulator.ActiveCfg = Release|x86
		{F9A77FB1-51A8-4E38-BBDD-DF1AD6EBD39E}.Release|x64.ActiveCfg = Release|x64
		{F9A77FB1-51A8-4E38-BBDD-DF1AD6EBD39E}.Release|x64.Build.0 = Release|x64
		{F9A77FB1-51A8-4E38-BBDD-DF1AD6EBD39E}.Release|x64.Deploy.0 = Release|x64
		{F9A77FB1-51A8-4E38-BBDD-DF1AD6EBD39E}.Release|x86.ActiveCfg = Release|x86
		{F9A77FB1-51A8-4E38-BBDD-DF1AD6EBD39E}.Release|x86.Build.0 = Release|x86
		{F9A77FB1-51A8-4E38-BBDD-DF1AD6EBD39E}.Release|x86.Deploy.0 = Release|x86
		{5482197A-B629-422B-A1D2-4B1B33214BD1}.Ad-Hoc|Any CPU.ActiveCfg = Ad-Hoc|iPhone
		{5482197A-B629-422B-A1D2-4B1B33214BD1}.Ad-Hoc|ARM.ActiveCfg = Ad-Hoc|iPhone
		{5482197A-B629-422B-A1D2-4B1B33214BD1}.Ad-Hoc|iPhone.ActiveCfg = Ad-Hoc|iPhone
		{5482197A-B629-422B-A1D2-4B1B33214BD1}.Ad-Hoc|iPhone.Build.0 = Ad-Hoc|iPhone
		{5482197A-B629-422B-A1D2-4B1B33214BD1}.Ad-Hoc|iPhoneSimulator.ActiveCfg = Ad-Hoc|iPhoneSimulator
		{5482197A-B629-422B-A1D2-4B1B33214BD1}.Ad-Hoc|iPhoneSimulator.Build.0 = Ad-Hoc|iPhoneSimulator
		{5482197A-B629-422B-A1D2-4B1B33214BD1}.Ad-Hoc|x64.ActiveCfg = Ad-Hoc|iPhone
		{5482197A-B629-422B-A1D2-4B1B33214BD1}.Ad-Hoc|x86.ActiveCfg = Ad-Hoc|iPhone
		{5482197A-B629-422B-A1D2-4B1B33214BD1}.AppStore|Any CPU.ActiveCfg = AppStore|iPhone
		{5482197A-B629-422B-A1D2-4B1B33214BD1}.AppStore|ARM.ActiveCfg = AppStore|iPhone
		{5482197A-B629-422B-A1D2-4B1B33214BD1}.AppStore|iPhone.ActiveCfg = AppStore|iPhone
		{5482197A-B629-422B-A1D2-4B1B33214BD1}.AppStore|iPhone.Build.0 = AppStore|iPhone
		{5482197A-B629-422B-A1D2-4B1B33214BD1}.AppStore|iPhoneSimulator.ActiveCfg = AppStore|iPhoneSimulator
		{5482197A-B629-422B-A1D2-4B1B33214BD1}.AppStore|iPhoneSimulator.Build.0 = AppStore|iPhoneSimulator
		{5482197A-B629-422B-A1D2-4B1B33214BD1}.AppStore|x64.ActiveCfg = AppStore|iPhone
		{5482197A-B629-422B-A1D2-4B1B33214BD1}.AppStore|x86.ActiveCfg = AppStore|iPhone
		{5482197A-B629-422B-A1D2-4B1B33214BD1}.Debug|Any CPU.ActiveCfg = Debug|iPhone
		{5482197A-B629-422B-A1D2-4B1B33214BD1}.Debug|ARM.ActiveCfg = Debug|iPhone
		{5482197A-B629-422B-A1D2-4B1B33214BD1}.Debug|iPhone.ActiveCfg = Debug|iPhone
		{5482197A-B629-422B-A1D2-4B1B33214BD1}.Debug|iPhone.Build.0 = Debug|iPhone
		{5482197A-B629-422B-A1D2-4B1B33214BD1}.Debug|iPhoneSimulator.ActiveCfg = Debug|iPhoneSimulator
		{5482197A-B629-422B-A1D2-4B1B33214BD1}.Debug|iPhoneSimulator.Build.0 = Debug|iPhoneSimulator
		{5482197A-B629-422B-A1D2-4B1B33214BD1}.Debug|x64.ActiveCfg = Debug|iPhone
		{5482197A-B629-422B-A1D2-4B1B33214BD1}.Debug|x86.ActiveCfg = Debug|iPhone
		{5482197A-B629-422B-A1D2-4B1B33214BD1}.Release|Any CPU.ActiveCfg = Release|iPhone
		{5482197A-B629-422B-A1D2-4B1B33214BD1}.Release|ARM.ActiveCfg = Release|iPhone
		{5482197A-B629-422B-A1D2-4B1B33214BD1}.Release|iPhone.ActiveCfg = Release|iPhone
		{5482197A-B629-422B-A1D2-4B1B33214BD1}.Release|iPhone.Build.0 = Release|iPhone
		{5482197A-B629-422B-A1D2-4B1B33214BD1}.Release|iPhoneSimulator.ActiveCfg = Release|iPhoneSimulator
		{5482197A-B629-422B-A1D2-4B1B33214BD1}.Release|iPhoneSimulator.Build.0 = Release|iPhoneSimulator
		{5482197A-B629-422B-A1D2-4B1B33214BD1}.Release|x64.ActiveCfg = Release|iPhone
		{5482197A-B629-422B-A1D2-4B1B33214BD1}.Release|x86.ActiveCfg = Release|iPhone
	EndGlobalSection
	GlobalSection(SolutionProperties) = preSolution
		HideSolutionNode = FALSE
	EndGlobalSection
EndGlobal
